
Microsoft Visual Studio Solution File, Format Version 12.00
# Visual Studio Version 17
VisualStudioVersion = 17.6.33712.159
MinimumVisualStudioVersion = 10.0.40219.1
Project("{2150E333-8FDC-42A3-9474-1A3956D46DE8}") = "AddEnums", "AddEnums", "{12E1B8FC-61A1-4BB2-B728-D32C16FA87C8}"
EndProject
Project("{FAE04EC0-301F-11D3-BF4B-00C04F79EFBC}") = "AddEnums", "AddEnums\AddEnums.csproj", "{3DEA3537-A493-4CA1-8503-71716C476FF0}"
EndProject
Global
	GlobalSection(SolutionConfigurationPlatforms) = preSolution
		Debug|Any CPU = Debug|Any CPU
		Release|Any CPU = Release|Any CPU
	EndGlobalSection
	GlobalSection(ProjectConfigurationPlatforms) = postSolution
		{3DEA3537-A493-4CA1-8503-71716C476FF0}.Debug|Any CPU.ActiveCfg = Debug|Any CPU
		{3DEA3537-A493-4CA1-8503-71716C476FF0}.Debug|Any CPU.Build.0 = Debug|Any CPU
		{3DEA3537-A493-4CA1-8503-71716C476FF0}.Release|Any CPU.ActiveCfg = Release|Any CPU
		{3DEA3537-A493-4CA1-8503-71716C476FF0}.Release|Any CPU.Build.0 = Release|Any CPU
	EndGlobalSection
	GlobalSection(SolutionProperties) = preSolution
		HideSolutionNode = FALSE
	EndGlobalSection
	GlobalSection(NestedProjects) = preSolution
		{3DEA3537-A493-4CA1-8503-71716C476FF0} = {12E1B8FC-61A1-4BB2-B728-D32C16FA87C8}
	EndGlobalSection
	GlobalSection(ExtensibilityGlobals) = postSolution
		SolutionGuid = {85DA222D-9E5A-4F5B-A861-2B5139309BC3}
	EndGlobalSection
EndGlobal
